<?xml version="1.0" encoding="utf-8"?>
<Project ToolsVersion="4.0" xmlns="http://schemas.microsoft.com/developer/msbuild/2003">
  <ItemGroup>
    <ClCompile Include="$(SolutionDir)src\clasp.api.c">
      <Filter>Implementation Files</Filter>
    </ClCompile>
    <ClCompile Include="$(SolutionDir)src\clasp.core.c">
      <Filter>Implementation Files</Filter>
    </ClCompile>
    <ClCompile Include="$(SolutionDir)src\clasp.diagnostics.c">
      <Filter>Implementation Files</Filter>
    </ClCompile>
    <ClCompile Include="$(SolutionDir)src\clasp.memory.c">
      <Filter>Implementation Files</Filter>
    </ClCompile>
    <ClCompile Include="$(SolutionDir)src\clasp.string.c">
      <Filter>Implementation Files</Filter>
    </ClCompile>
    <ClCompile Include="$(SolutionDir)src\clasp.usage.c">
      <Filter>Implementation Files</Filter>
    </ClCompile>
    <ClCompile Include="$(SolutionDir)src\clasp.usage.FILE.c">
      <Filter>Implementation Files</Filter>
    </ClCompile>
  </ItemGroup>
  <ItemGroup>
    <ClInclude Include="$(SolutionDir)src\clasp.internal.h">
      <Filter>Header Files</Filter>
    </ClInclude>
    <ClInclude Include="$(SolutionDir)include\systemtools\clasp\internal\clasp.h">
      <Filter>Header Files</Filter>
    </ClInclude>
    <ClInclude Include="$(SolutionDir)include\systemtools\clasp\clasp.h">
      <Filter>Header Files</Filter>
    </ClInclude>
  </ItemGroup>
  <ItemGroup>
    <Filter Include="Header Files">
      <UniqueIdentifier>{93995380-89BD-4b04-88EB-625FBE52EBFB}</UniqueIdentifier>
      <Extensions>h;hpp;hxx;hm;inl</Extensions>
    </Filter>
    <Filter Include="Implementation Files">
      <UniqueIdentifier>{4FC737F1-C7A5-4376-A066-2A32D752A2FF}</UniqueIdentifier>
      <Extensions>cpp;c;cc;cxx;def;odl;idl;hpj;bat;asm;asmx</Extensions>
    </Filter>
  </ItemGroup>
</Project>