<?xml version="1.0" encoding="utf-8"?>
<Project ToolsVersion="4.0" xmlns="http://schemas.microsoft.com/developer/msbuild/2003">
  <ItemGroup>
    <Filter Include="Header Files">
      <UniqueIdentifier>{93995380-89BD-4b04-88EB-625FBE52EBFB}</UniqueIdentifier>
      <Extensions>h;hpp;hxx;hm;inl</Extensions>
    </Filter>
    <Filter Include="Implementation Files">
      <UniqueIdentifier>{4FC737F1-C7A5-4376-A066-2A32D752A2FF}</UniqueIdentifier>
      <Extensions>cpp;c;cc;cxx;def;odl;idl;hpj;bat;asm;asmx</Extensions>
    </Filter>
    <Filter Include="Module Files">
      <UniqueIdentifier>{115E6387-3699-414f-89E3-A8DCD7CD1CD3}</UniqueIdentifier>
      <Extensions>def;odl;idl;hpj;rc;xsd;</Extensions>
    </Filter>
    <Filter Include="Module Files\_dev_pragmatics_">
      <UniqueIdentifier>{ccac574b-8498-4b2a-9f16-0c508733edd5}</UniqueIdentifier>
    </Filter>
  </ItemGroup>
  <ItemGroup>
    <ClCompile Include="$(ProjectDir)../test.unit.usage_width.cpp">
      <Filter>Implementation Files</Filter>
    </ClCompile>
    <ClCompile Include="$(ProjectDir)../pch.cpp">
      <Filter>Module Files</Filter>
    </ClCompile>
    <ClCompile Include="$(ProjectDir)../implicit_link.cpp">
      <Filter>Module Files</Filter>
    </ClCompile>
  </ItemGroup>
  <ItemGroup>
    <ClInclude Include="$(ProjectDir)../pch.hpp">
      <Filter>Module Files</Filter>
    </ClInclude>
    <ClInclude Include="$(ProjectDir)../_dev_pragmatics_/warnings.msvc.10+.h">
      <Filter>Module Files\_dev_pragmatics_</Filter>
    </ClInclude>
  </ItemGroup>
</Project>