<?xml version="1.0" encoding="utf-8"?>
<Project ToolsVersion="4.0" xmlns="http://schemas.microsoft.com/developer/msbuild/2003">
  <ItemGroup>
    <ClCompile Include="..\implicit_link.c">
      <Filter>Implementation Files</Filter>
    </ClCompile>
    <ClCompile Include="..\test.scratch.C.version.c">
      <Filter>Implementation Files</Filter>
    </ClCompile>
  </ItemGroup>
  <ItemGroup>
    <ClInclude Include="$(RECLS_ROOT)\include\recls\internal\compiler.h">
      <Filter>Header Files</Filter>
    </ClInclude>
    <ClInclude Include="$(RECLS_ROOT)\include\recls\internal\compiler_msvc.h">
      <Filter>Header Files</Filter>
    </ClInclude>
    <ClInclude Include="$(RECLS_ROOT)\include\recls\implicit_link.h">
      <Filter>Header Files</Filter>
    </ClInclude>
    <ClInclude Include="$(RECLS_ROOT)\include\recls\internal\language.h">
      <Filter>Header Files</Filter>
    </ClInclude>
    <ClInclude Include="$(RECLS_ROOT)\include\recls\internal\platform.h">
      <Filter>Header Files</Filter>
    </ClInclude>
    <ClInclude Include="$(RECLS_ROOT)\include\recls\internal\platform_types.h">
      <Filter>Header Files</Filter>
    </ClInclude>
    <ClInclude Include="$(RECLS_ROOT)\include\recls\recls.h">
      <Filter>Header Files</Filter>
    </ClInclude>
    <ClInclude Include="$(RECLS_ROOT)\include\recls\internal\recls_filesize.h">
      <Filter>Header Files</Filter>
    </ClInclude>
    <ClInclude Include="$(RECLS_ROOT)\include\recls\internal\recls_time.h">
      <Filter>Header Files</Filter>
    </ClInclude>
    <ClInclude Include="$(RECLS_ROOT)\include\recls\internal\retcodes.h">
      <Filter>Header Files</Filter>
    </ClInclude>
    <ClInclude Include="$(SolutionDir)include\clasp\clasp.h" />
    <ClInclude Include="$(SolutionDir)include\clasp\implicit_link.h" />
  </ItemGroup>
  <ItemGroup>
    <Filter Include="Implementation Files">
      <UniqueIdentifier>{4FC737F1-C7A5-4376-A066-2A32D752A2FF}</UniqueIdentifier>
      <Extensions>cpp;c;cc;cxx;def;odl;idl;hpj;bat;asm;asmx</Extensions>
    </Filter>
    <Filter Include="Header Files">
      <UniqueIdentifier>{93995380-89BD-4b04-88EB-625FBE52EBFB}</UniqueIdentifier>
      <Extensions>h;hpp;hxx;hm;inl</Extensions>
    </Filter>
  </ItemGroup>
</Project>